{
  "name": "status",
  "version": "3.2.5",
  "lockfileVersion": 3,
  "requires": true,
  "packages": {
    "": {
      "name": "status",
      "version": "3.2.5",
      "workspaces": [
        "packages/status-core",
        "packages/status-core-test",
        "packages/status-scenes",
        "packages/status-scenes-test",
        "packages_imported/kotlinx-interoperable-exports/3.2.5",
        "packages_imported/kommander-core/3.2.5",
        "packages_imported/cinematic-live-core/3.2.5"
      ],
      "devDependencies": {}
    },
    "node_modules/cinematic-live-core": {
      "resolved": "packages_imported/cinematic-live-core/3.2.5",
      "link": true
    },
    "node_modules/kommander-core": {
      "resolved": "packages_imported/kommander-core/3.2.5",
      "link": true
    },
    "node_modules/kotlinx-interoperable-exports": {
      "resolved": "packages_imported/kotlinx-interoperable-exports/3.2.5",
      "link": true
    },
    "node_modules/status-core": {
      "resolved": "packages/status-core",
      "link": true
    },
    "node_modules/status-core-test": {
      "resolved": "packages/status-core-test",
      "link": true
    },
    "node_modules/status-scenes": {
      "resolved": "packages/status-scenes",
      "link": true
    },
    "node_modules/status-scenes-test": {
      "resolved": "packages/status-scenes-test",
      "link": true
    },
    "packages_imported/cinematic-live-core/3.1.14": {
      "name": "cinematic-live-core",
      "version": "3.1.14",
      "extraneous": true,
      "devDependencies": {}
    },
    "packages_imported/cinematic-live-core/3.2.5": {
      "name": "cinematic-live-core",
      "version": "3.2.5",
      "devDependencies": {}
    },
    "packages_imported/kommander-core/3.1.14": {
      "name": "kommander-core",
      "version": "3.1.14",
      "extraneous": true,
      "devDependencies": {}
    },
    "packages_imported/kommander-core/3.2.5": {
      "name": "kommander-core",
      "version": "3.2.5",
      "devDependencies": {}
    },
    "packages_imported/kotlinx-interoperable-exports/3.1.14": {
      "name": "kotlinx-interoperable-exports",
      "version": "3.1.14",
      "extraneous": true,
      "devDependencies": {}
    },
    "packages_imported/kotlinx-interoperable-exports/3.2.5": {
      "name": "kotlinx-interoperable-exports",
      "version": "3.2.5",
      "devDependencies": {}
    },
    "packages/status-core": {
      "version": "3.2.5",
      "devDependencies": {}
    },
    "packages/status-core-test": {
      "version": "3.2.5",
      "devDependencies": {}
    },
    "packages/status-scenes": {
      "version": "3.2.5",
      "devDependencies": {}
    },
    "packages/status-scenes-test": {
      "version": "3.2.5",
      "devDependencies": {}
    }
  }
}
